
Microsoft Visual Studio Solution File, Format Version 12.00
# Visual Studio Version 17
VisualStudioVersion = 17.5.002.0
MinimumVisualStudioVersion = 10.0.40219.1
Project("{9A19103F-16F7-4668-BE54-9A1E7A4F7556}") = "Atividade", "Atividade.csproj", "{A9F73BE5-8881-4E8D-BC91-D3C2E4606FE6}"
EndProject
Global
	GlobalSection(SolutionConfigurationPlatforms) = preSolution
		Debug|Any CPU = Debug|Any CPU
		Release|Any CPU = Release|Any CPU
	EndGlobalSection
	GlobalSection(ProjectConfigurationPlatforms) = postSolution
		{A9F73BE5-8881-4E8D-BC91-D3C2E4606FE6}.Debug|Any CPU.ActiveCfg = Debug|Any CPU
		{A9F73BE5-8881-4E8D-BC91-D3C2E4606FE6}.Debug|Any CPU.Build.0 = Debug|Any CPU
		{A9F73BE5-8881-4E8D-BC91-D3C2E4606FE6}.Release|Any CPU.ActiveCfg = Release|Any CPU
		{A9F73BE5-8881-4E8D-BC91-D3C2E4606FE6}.Release|Any CPU.Build.0 = Release|Any CPU
	EndGlobalSection
	GlobalSection(SolutionProperties) = preSolution
		HideSolutionNode = FALSE
	EndGlobalSection
	GlobalSection(ExtensibilityGlobals) = postSolution
		SolutionGuid = {A832DE24-717F-4C3F-9618-2FD3DBD9CCE5}
	EndGlobalSection
EndGlobal
